
Microsoft Visual Studio Solution File, Format Version 12.00
# Visual Studio Version 17
VisualStudioVersion = 17.9.34728.123
MinimumVisualStudioVersion = 10.0.40219.1
Project("{FAE04EC0-301F-11D3-BF4B-00C04F79EFBC}") = "VetorMediaAltura", "VetorMediaAltura\VetorMediaAltura.csproj", "{9CB0067C-07C2-441D-892F-08FA2B9EC056}"
EndProject
Global
	GlobalSection(SolutionConfigurationPlatforms) = preSolution
		Debug|Any CPU = Debug|Any CPU
		Release|Any CPU = Release|Any CPU
	EndGlobalSection
	GlobalSection(ProjectConfigurationPlatforms) = postSolution
		{9CB0067C-07C2-441D-892F-08FA2B9EC056}.Debug|Any CPU.ActiveCfg = Debug|Any CPU
		{9CB0067C-07C2-441D-892F-08FA2B9EC056}.Debug|Any CPU.Build.0 = Debug|Any CPU
		{9CB0067C-07C2-441D-892F-08FA2B9EC056}.Release|Any CPU.ActiveCfg = Release|Any CPU
		{9CB0067C-07C2-441D-892F-08FA2B9EC056}.Release|Any CPU.Build.0 = Release|Any CPU
	EndGlobalSection
	GlobalSection(SolutionProperties) = preSolution
		HideSolutionNode = FALSE
	EndGlobalSection
	GlobalSection(ExtensibilityGlobals) = postSolution
		SolutionGuid = {CB9EDBDF-0954-4155-BF0E-C12FEB8A8DBE}
	EndGlobalSection
EndGlobal
